
Microsoft Visual Studio Solution File, Format Version 12.00
# Visual Studio Version 17
VisualStudioVersion = 17.10.34928.147
MinimumVisualStudioVersion = 10.0.40219.1
Project("{FAE04EC0-301F-11D3-BF4B-00C04F79EFBC}") = "LINQ", "LINQ.csproj", "{A7880DEE-CCD2-4017-BAE1-9E95C3734F22}"
EndProject
Global
	GlobalSection(SolutionConfigurationPlatforms) = preSolution
		Debug|Any CPU = Debug|Any CPU
		Release|Any CPU = Release|Any CPU
	EndGlobalSection
	GlobalSection(ProjectConfigurationPlatforms) = postSolution
		{A7880DEE-CCD2-4017-BAE1-9E95C3734F22}.Debug|Any CPU.ActiveCfg = Debug|Any CPU
		{A7880DEE-CCD2-4017-BAE1-9E95C3734F22}.Debug|Any CPU.Build.0 = Debug|Any CPU
		{A7880DEE-CCD2-4017-BAE1-9E95C3734F22}.Release|Any CPU.ActiveCfg = Release|Any CPU
		{A7880DEE-CCD2-4017-BAE1-9E95C3734F22}.Release|Any CPU.Build.0 = Release|Any CPU
	EndGlobalSection
	GlobalSection(SolutionProperties) = preSolution
		HideSolutionNode = FALSE
	EndGlobalSection
	GlobalSection(ExtensibilityGlobals) = postSolution
		SolutionGuid = {8420F2DA-1A37-4134-863B-286B2B077C9A}
	EndGlobalSection
EndGlobal
